
Microsoft Visual Studio Solution File, Format Version 12.00
# Visual Studio Version 16
VisualStudioVersion = 16.0.30114.105
MinimumVisualStudioVersion = 10.0.40219.1
Project("{FAE04EC0-301F-11D3-BF4B-00C04F79EFBC}") = "WebAPIAutomation", "WebAPIAutomation\WebAPIAutomation.csproj", "{4EB0FE17-DC16-4461-AE73-7D87C65F39D5}"
EndProject
Global
	GlobalSection(SolutionConfigurationPlatforms) = preSolution
		Debug|Any CPU = Debug|Any CPU
		Release|Any CPU = Release|Any CPU
	EndGlobalSection
	GlobalSection(ProjectConfigurationPlatforms) = postSolution
		{4EB0FE17-DC16-4461-AE73-7D87C65F39D5}.Debug|Any CPU.ActiveCfg = Debug|Any CPU
		{4EB0FE17-DC16-4461-AE73-7D87C65F39D5}.Debug|Any CPU.Build.0 = Debug|Any CPU
		{4EB0FE17-DC16-4461-AE73-7D87C65F39D5}.Release|Any CPU.ActiveCfg = Release|Any CPU
		{4EB0FE17-DC16-4461-AE73-7D87C65F39D5}.Release|Any CPU.Build.0 = Release|Any CPU
	EndGlobalSection
	GlobalSection(SolutionProperties) = preSolution
		HideSolutionNode = FALSE
	EndGlobalSection
	GlobalSection(ExtensibilityGlobals) = postSolution
		SolutionGuid = {14275693-F8BD-48E2-A510-5F1A463BEB6B}
	EndGlobalSection
EndGlobal
